
Microsoft Visual Studio Solution File, Format Version 12.00
# Visual Studio Version 17
VisualStudioVersion = 17.7.34031.279
MinimumVisualStudioVersion = 10.0.40219.1
Project("{FAE04EC0-301F-11D3-BF4B-00C04F79EFBC}") = "LibraryFacadeExample", "LibraryFacadeExample\LibraryFacadeExample.csproj", "{ED2596DF-24DD-4D6A-9FD1-E5FB45A73EA4}"
EndProject
Global
	GlobalSection(SolutionConfigurationPlatforms) = preSolution
		Debug|Any CPU = Debug|Any CPU
		Release|Any CPU = Release|Any CPU
	EndGlobalSection
	GlobalSection(ProjectConfigurationPlatforms) = postSolution
		{ED2596DF-24DD-4D6A-9FD1-E5FB45A73EA4}.Debug|Any CPU.ActiveCfg = Debug|Any CPU
		{ED2596DF-24DD-4D6A-9FD1-E5FB45A73EA4}.Debug|Any CPU.Build.0 = Debug|Any CPU
		{ED2596DF-24DD-4D6A-9FD1-E5FB45A73EA4}.Release|Any CPU.ActiveCfg = Release|Any CPU
		{ED2596DF-24DD-4D6A-9FD1-E5FB45A73EA4}.Release|Any CPU.Build.0 = Release|Any CPU
	EndGlobalSection
	GlobalSection(SolutionProperties) = preSolution
		HideSolutionNode = FALSE
	EndGlobalSection
	GlobalSection(ExtensibilityGlobals) = postSolution
		SolutionGuid = {2E6818D4-ECC5-4465-BD31-42EAFAED2C5A}
	EndGlobalSection
EndGlobal
